
Microsoft Visual Studio Solution File, Format Version 12.00
# Visual Studio Version 17
VisualStudioVersion = 17.2.32616.157
MinimumVisualStudioVersion = 10.0.40219.1
Project("{FAE04EC0-301F-11D3-BF4B-00C04F79EFBC}") = "Web_Presentation", "Web_Presentation\Web_Presentation.csproj", "{9374BA53-F886-44FF-90D6-0801C93395CB}"
EndProject
Project("{FAE04EC0-301F-11D3-BF4B-00C04F79EFBC}") = "DAL", "DAL\DAL.csproj", "{7E1625B0-3D6F-488B-8AE8-1CA6FA7A7A2E}"
EndProject
Project("{FAE04EC0-301F-11D3-BF4B-00C04F79EFBC}") = "BL", "BL\BL.csproj", "{78647A2D-9D69-43F2-A989-CCE2849BD63A}"
EndProject
Global
	GlobalSection(SolutionConfigurationPlatforms) = preSolution
		Debug|Any CPU = Debug|Any CPU
		Release|Any CPU = Release|Any CPU
	EndGlobalSection
	GlobalSection(ProjectConfigurationPlatforms) = postSolution
		{9374BA53-F886-44FF-90D6-0801C93395CB}.Debug|Any CPU.ActiveCfg = Debug|Any CPU
		{9374BA53-F886-44FF-90D6-0801C93395CB}.Debug|Any CPU.Build.0 = Debug|Any CPU
		{9374BA53-F886-44FF-90D6-0801C93395CB}.Release|Any CPU.ActiveCfg = Release|Any CPU
		{9374BA53-F886-44FF-90D6-0801C93395CB}.Release|Any CPU.Build.0 = Release|Any CPU
		{7E1625B0-3D6F-488B-8AE8-1CA6FA7A7A2E}.Debug|Any CPU.ActiveCfg = Debug|Any CPU
		{7E1625B0-3D6F-488B-8AE8-1CA6FA7A7A2E}.Debug|Any CPU.Build.0 = Debug|Any CPU
		{7E1625B0-3D6F-488B-8AE8-1CA6FA7A7A2E}.Release|Any CPU.ActiveCfg = Release|Any CPU
		{7E1625B0-3D6F-488B-8AE8-1CA6FA7A7A2E}.Release|Any CPU.Build.0 = Release|Any CPU
		{78647A2D-9D69-43F2-A989-CCE2849BD63A}.Debug|Any CPU.ActiveCfg = Debug|Any CPU
		{78647A2D-9D69-43F2-A989-CCE2849BD63A}.Debug|Any CPU.Build.0 = Debug|Any CPU
		{78647A2D-9D69-43F2-A989-CCE2849BD63A}.Release|Any CPU.ActiveCfg = Release|Any CPU
		{78647A2D-9D69-43F2-A989-CCE2849BD63A}.Release|Any CPU.Build.0 = Release|Any CPU
	EndGlobalSection
	GlobalSection(SolutionProperties) = preSolution
		HideSolutionNode = FALSE
	EndGlobalSection
	GlobalSection(ExtensibilityGlobals) = postSolution
		SolutionGuid = {73205A21-0051-42CE-BA56-E3602466A4C9}
	EndGlobalSection
EndGlobal
